// !$*UTF8*$!
{
	archiveVersion = 1;
	classes = {
	};
	objectVersion = 55;
	objects = {

/* Begin PBXBuildFile section */
		3118E88E28106D5A00082EE8 /* AppDelegate.swift in Sources */ = {isa = PBXBuildFile; fileRef = 3118E88D28106D5A00082EE8 /* AppDelegate.swift */; };
		3118E89028106D5A00082EE8 /* SceneDelegate.swift in Sources */ = {isa = PBXBuildFile; fileRef = 3118E88F28106D5A00082EE8 /* SceneDelegate.swift */; };
		3118E89228106D5A00082EE8 /* CharactersVC.swift in Sources */ = {isa = PBXBuildFile; fileRef = 3118E89128106D5A00082EE8 /* CharactersVC.swift */; };
		3118E89728106D5C00082EE8 /* Assets.xcassets in Resources */ = {isa = PBXBuildFile; fileRef = 3118E89628106D5C00082EE8 /* Assets.xcassets */; };
		3118E89A28106D5C00082EE8 /* LaunchScreen.storyboard in Resources */ = {isa = PBXBuildFile; fileRef = 3118E89828106D5C00082EE8 /* LaunchScreen.storyboard */; };
		3118E8AC2810858100082EE8 /* Constants.swift in Sources */ = {isa = PBXBuildFile; fileRef = 3118E8A92810858100082EE8 /* Constants.swift */; };
		3118E8AD2810858100082EE8 /* RMErrors.swift in Sources */ = {isa = PBXBuildFile; fileRef = 3118E8AA2810858100082EE8 /* RMErrors.swift */; };
		3118E8AE2810858100082EE8 /* UIHelper.swift in Sources */ = {isa = PBXBuildFile; fileRef = 3118E8AB2810858100082EE8 /* UIHelper.swift */; };
		3118E8B0281085A300082EE8 /* RMTabController.swift in Sources */ = {isa = PBXBuildFile; fileRef = 3118E8AF281085A300082EE8 /* RMTabController.swift */; };
		3118E8B32810880200082EE8 /* RMCharacter.swift in Sources */ = {isa = PBXBuildFile; fileRef = 3118E8B12810880200082EE8 /* RMCharacter.swift */; };
		3118E8B42810880200082EE8 /* RMListOfCharacters.swift in Sources */ = {isa = PBXBuildFile; fileRef = 3118E8B22810880200082EE8 /* RMListOfCharacters.swift */; };
		3118E8B628108D3100082EE8 /* RMServices.swift in Sources */ = {isa = PBXBuildFile; fileRef = 3118E8B528108D3100082EE8 /* RMServices.swift */; };
		3118E8B8281095C100082EE8 /* RMListViewModel.swift in Sources */ = {isa = PBXBuildFile; fileRef = 3118E8B7281095C100082EE8 /* RMListViewModel.swift */; };
/* End PBXBuildFile section */

/* Begin PBXFileReference section */
		3118E88A28106D5A00082EE8 /* RickAndMorty3.app */ = {isa = PBXFileReference; explicitFileType = wrapper.application; includeInIndex = 0; path = RickAndMorty3.app; sourceTree = BUILT_PRODUCTS_DIR; };
		3118E88D28106D5A00082EE8 /* AppDelegate.swift */ = {isa = PBXFileReference; lastKnownFileType = sourcecode.swift; path = AppDelegate.swift; sourceTree = "<group>"; };
		3118E88F28106D5A00082EE8 /* SceneDelegate.swift */ = {isa = PBXFileReference; lastKnownFileType = sourcecode.swift; path = SceneDelegate.swift; sourceTree = "<group>"; };
		3118E89128106D5A00082EE8 /* CharactersVC.swift */ = {isa = PBXFileReference; lastKnownFileType = sourcecode.swift; path = CharactersVC.swift; sourceTree = "<group>"; };
		3118E89628106D5C00082EE8 /* Assets.xcassets */ = {isa = PBXFileReference; lastKnownFileType = folder.assetcatalog; path = Assets.xcassets; sourceTree = "<group>"; };
		3118E89928106D5C00082EE8 /* Base */ = {isa = PBXFileReference; lastKnownFileType = file.storyboard; name = Base; path = Base.lproj/LaunchScreen.storyboard; sourceTree = "<group>"; };
		3118E89B28106D5C00082EE8 /* Info.plist */ = {isa = PBXFileReference; lastKnownFileType = text.plist.xml; path = Info.plist; sourceTree = "<group>"; };
		3118E8A92810858100082EE8 /* Constants.swift */ = {isa = PBXFileReference; fileEncoding = 4; lastKnownFileType = sourcecode.swift; path = Constants.swift; sourceTree = "<group>"; };
		3118E8AA2810858100082EE8 /* RMErrors.swift */ = {isa = PBXFileReference; fileEncoding = 4; lastKnownFileType = sourcecode.swift; path = RMErrors.swift; sourceTree = "<group>"; };
		3118E8AB2810858100082EE8 /* UIHelper.swift */ = {isa = PBXFileReference; fileEncoding = 4; lastKnownFileType = sourcecode.swift; path = UIHelper.swift; sourceTree = "<group>"; };
		3118E8AF281085A300082EE8 /* RMTabController.swift */ = {isa = PBXFileReference; lastKnownFileType = sourcecode.swift; path = RMTabController.swift; sourceTree = "<group>"; };
		3118E8B12810880200082EE8 /* RMCharacter.swift */ = {isa = PBXFileReference; fileEncoding = 4; lastKnownFileType = sourcecode.swift; path = RMCharacter.swift; sourceTree = "<group>"; };
		3118E8B22810880200082EE8 /* RMListOfCharacters.swift */ = {isa = PBXFileReference; fileEncoding = 4; lastKnownFileType = sourcecode.swift; path = RMListOfCharacters.swift; sourceTree = "<group>"; };
		3118E8B528108D3100082EE8 /* RMServices.swift */ = {isa = PBXFileReference; lastKnownFileType = sourcecode.swift; path = RMServices.swift; sourceTree = "<group>"; };
		3118E8B7281095C100082EE8 /* RMListViewModel.swift */ = {isa = PBXFileReference; lastKnownFileType = sourcecode.swift; path = RMListViewModel.swift; sourceTree = "<group>"; };
/* End PBXFileReference section */

/* Begin PBXFrameworksBuildPhase section */
		3118E88728106D5A00082EE8 /* Frameworks */ = {
			isa = PBXFrameworksBuildPhase;
			buildActionMask = 2147483647;
			files = (
			);
			runOnlyForDeploymentPostprocessing = 0;
		};
/* End PBXFrameworksBuildPhase section */

/* Begin PBXGroup section */
		3118E88128106D5A00082EE8 = {
			isa = PBXGroup;
			children = (
				3118E88C28106D5A00082EE8 /* RickAndMorty3 */,
				3118E88B28106D5A00082EE8 /* Products */,
			);
			sourceTree = "<group>";
		};
		3118E88B28106D5A00082EE8 /* Products */ = {
			isa = PBXGroup;
			children = (
				3118E88A28106D5A00082EE8 /* RickAndMorty3.app */,
			);
			name = Products;
			sourceTree = "<group>";
		};
		3118E88C28106D5A00082EE8 /* RickAndMorty3 */ = {
			isa = PBXGroup;
			children = (
				3118E8A82810855200082EE8 /* Models */,
				3118E8A72810854A00082EE8 /* ViewModels */,
				3118E8A62810854500082EE8 /* Views */,
				3118E8A52810853A00082EE8 /* Services */,
				3118E8A32810852400082EE8 /* CustomViews */,
				3118E8A22810851E00082EE8 /* Helpers */,
				3118E8A12810821100082EE8 /* Support */,
				3118E89B28106D5C00082EE8 /* Info.plist */,
			);
			path = RickAndMorty3;
			sourceTree = "<group>";
		};
		3118E8A12810821100082EE8 /* Support */ = {
			isa = PBXGroup;
			children = (
				3118E88D28106D5A00082EE8 /* AppDelegate.swift */,
				3118E88F28106D5A00082EE8 /* SceneDelegate.swift */,
				3118E89628106D5C00082EE8 /* Assets.xcassets */,
				3118E89828106D5C00082EE8 /* LaunchScreen.storyboard */,
			);
			path = Support;
			sourceTree = "<group>";
		};
		3118E8A22810851E00082EE8 /* Helpers */ = {
			isa = PBXGroup;
			children = (
				3118E8A92810858100082EE8 /* Constants.swift */,
				3118E8AA2810858100082EE8 /* RMErrors.swift */,
				3118E8AB2810858100082EE8 /* UIHelper.swift */,
			);
			path = Helpers;
			sourceTree = "<group>";
		};
		3118E8A32810852400082EE8 /* CustomViews */ = {
			isa = PBXGroup;
			children = (
				3118E8A42810852D00082EE8 /* TabBar */,
			);
			path = CustomViews;
			sourceTree = "<group>";
		};
		3118E8A42810852D00082EE8 /* TabBar */ = {
			isa = PBXGroup;
			children = (
				3118E8AF281085A300082EE8 /* RMTabController.swift */,
			);
			path = TabBar;
			sourceTree = "<group>";
		};
		3118E8A52810853A00082EE8 /* Services */ = {
			isa = PBXGroup;
			children = (
				3118E8B528108D3100082EE8 /* RMServices.swift */,
			);
			path = Services;
			sourceTree = "<group>";
		};
		3118E8A62810854500082EE8 /* Views */ = {
			isa = PBXGroup;
			children = (
				3118E89128106D5A00082EE8 /* CharactersVC.swift */,
			);
			path = Views;
			sourceTree = "<group>";
		};
		3118E8A72810854A00082EE8 /* ViewModels */ = {
			isa = PBXGroup;
			children = (
				3118E8B7281095C100082EE8 /* RMListViewModel.swift */,
			);
			path = ViewModels;
			sourceTree = "<group>";
		};
		3118E8A82810855200082EE8 /* Models */ = {
			isa = PBXGroup;
			children = (
				3118E8B12810880200082EE8 /* RMCharacter.swift */,
				3118E8B22810880200082EE8 /* RMListOfCharacters.swift */,
			);
			path = Models;
			sourceTree = "<group>";
		};
/* End PBXGroup section */

/* Begin PBXNativeTarget section */
		3118E88928106D5A00082EE8 /* RickAndMorty3 */ = {
			isa = PBXNativeTarget;
			buildConfigurationList = 3118E89E28106D5C00082EE8 /* Build configuration list for PBXNativeTarget "RickAndMorty3" */;
			buildPhases = (
				3118E88628106D5A00082EE8 /* Sources */,
				3118E88728106D5A00082EE8 /* Frameworks */,
				3118E88828106D5A00082EE8 /* Resources */,
			);
			buildRules = (
			);
			dependencies = (
			);
			name = RickAndMorty3;
			productName = RickAndMorty3;
			productReference = 3118E88A28106D5A00082EE8 /* RickAndMorty3.app */;
			productType = "com.apple.product-type.application";
		};
/* End PBXNativeTarget section */

/* Begin PBXProject section */
		3118E88228106D5A00082EE8 /* Project object */ = {
			isa = PBXProject;
			attributes = {
				BuildIndependentTargetsInParallel = 1;
				LastSwiftUpdateCheck = 1320;
				LastUpgradeCheck = 1320;
				TargetAttributes = {
					3118E88928106D5A00082EE8 = {
						CreatedOnToolsVersion = 13.2.1;
					};
				};
			};
			buildConfigurationList = 3118E88528106D5A00082EE8 /* Build configuration list for PBXProject "RickAndMorty3" */;
			compatibilityVersion = "Xcode 13.0";
			developmentRegion = en;
			hasScannedForEncodings = 0;
			knownRegions = (
				en,
				Base,
			);
			mainGroup = 3118E88128106D5A00082EE8;
			productRefGroup = 3118E88B28106D5A00082EE8 /* Products */;
			projectDirPath = "";
			projectRoot = "";
			targets = (
				3118E88928106D5A00082EE8 /* RickAndMorty3 */,
			);
		};
/* End PBXProject section */

/* Begin PBXResourcesBuildPhase section */
		3118E88828106D5A00082EE8 /* Resources */ = {
			isa = PBXResourcesBuildPhase;
			buildActionMask = 2147483647;
			files = (
				3118E89A28106D5C00082EE8 /* LaunchScreen.storyboard in Resources */,
				3118E89728106D5C00082EE8 /* Assets.xcassets in Resources */,
			);
			runOnlyForDeploymentPostprocessing = 0;
		};
/* End PBXResourcesBuildPhase section */

/* Begin PBXSourcesBuildPhase section */
		3118E88628106D5A00082EE8 /* Sources */ = {
			isa = PBXSourcesBuildPhase;
			buildActionMask = 2147483647;
			files = (
				3118E8B32810880200082EE8 /* RMCharacter.swift in Sources */,
				3118E8B42810880200082EE8 /* RMListOfCharacters.swift in Sources */,
				3118E89228106D5A00082EE8 /* CharactersVC.swift in Sources */,
				3118E8B0281085A300082EE8 /* RMTabController.swift in Sources */,
				3118E8B628108D3100082EE8 /* RMServices.swift in Sources */,
				3118E88E28106D5A00082EE8 /* AppDelegate.swift in Sources */,
				3118E8AD2810858100082EE8 /* RMErrors.swift in Sources */,
				3118E89028106D5A00082EE8 /* SceneDelegate.swift in Sources */,
				3118E8B8281095C100082EE8 /* RMListViewModel.swift in Sources */,
				3118E8AC2810858100082EE8 /* Constants.swift in Sources */,
				3118E8AE2810858100082EE8 /* UIHelper.swift in Sources */,
			);
			runOnlyForDeploymentPostprocessing = 0;
		};
/* End PBXSourcesBuildPhase section */

/* Begin PBXVariantGroup section */
		3118E89828106D5C00082EE8 /* LaunchScreen.storyboard */ = {
			isa = PBXVariantGroup;
			children = (
				3118E89928106D5C00082EE8 /* Base */,
			);
			name = LaunchScreen.storyboard;
			sourceTree = "<group>";
		};
/* End PBXVariantGroup section */

/* Begin XCBuildConfiguration section */
		3118E89C28106D5C00082EE8 /* Debug */ = {
			isa = XCBuildConfiguration;
			buildSettings = {
				ALWAYS_SEARCH_USER_PATHS = NO;
				CLANG_ANALYZER_NONNULL = YES;
				CLANG_ANALYZER_NUMBER_OBJECT_CONVERSION = YES_AGGRESSIVE;
				CLANG_CXX_LANGUAGE_STANDARD = "gnu++17";
				CLANG_CXX_LIBRARY = "libc++";
				CLANG_ENABLE_MODULES = YES;
				CLANG_ENABLE_OBJC_ARC = YES;
				CLANG_ENABLE_OBJC_WEAK = YES;
				CLANG_WARN_BLOCK_CAPTURE_AUTORELEASING = YES;
				CLANG_WARN_BOOL_CONVERSION = YES;
				CLANG_WARN_COMMA = YES;
				CLANG_WARN_CONSTANT_CONVERSION = YES;
				CLANG_WARN_DEPRECATED_OBJC_IMPLEMENTATIONS = YES;
				CLANG_WARN_DIRECT_OBJC_ISA_USAGE = YES_ERROR;
				CLANG_WARN_DOCUMENTATION_COMMENTS = YES;
				CLANG_WARN_EMPTY_BODY = YES;
				CLANG_WARN_ENUM_CONVERSION = YES;
				CLANG_WARN_INFINITE_RECURSION = YES;
				CLANG_WARN_INT_CONVERSION = YES;
				CLANG_WARN_NON_LITERAL_NULL_CONVERSION = YES;
				CLANG_WARN_OBJC_IMPLICIT_RETAIN_SELF = YES;
				CLANG_WARN_OBJC_LITERAL_CONVERSION = YES;
				CLANG_WARN_OBJC_ROOT_CLASS = YES_ERROR;
				CLANG_WARN_QUOTED_INCLUDE_IN_FRAMEWORK_HEADER = YES;
				CLANG_WARN_RANGE_LOOP_ANALYSIS = YES;
				CLANG_WARN_STRICT_PROTOTYPES = YES;
				CLANG_WARN_SUSPICIOUS_MOVE = YES;
				CLANG_WARN_UNGUARDED_AVAILABILITY = YES_AGGRESSIVE;
				CLANG_WARN_UNREACHABLE_CODE = YES;
				CLANG_WARN__DUPLICATE_METHOD_MATCH = YES;
				COPY_PHASE_STRIP = NO;
				DEBUG_INFORMATION_FORMAT = dwarf;
				ENABLE_STRICT_OBJC_MSGSEND = YES;
				ENABLE_TESTABILITY = YES;
				GCC_C_LANGUAGE_STANDARD = gnu11;
				GCC_DYNAMIC_NO_PIC = NO;
				GCC_NO_COMMON_BLOCKS = YES;
				GCC_OPTIMIZATION_LEVEL = 0;
				GCC_PREPROCESSOR_DEFINITIONS = (
					"DEBUG=1",
					"$(inherited)",
				);
				GCC_WARN_64_TO_32_BIT_CONVERSION = YES;
				GCC_WARN_ABOUT_RETURN_TYPE = YES_ERROR;
				GCC_WARN_UNDECLARED_SELECTOR = YES;
				GCC_WARN_UNINITIALIZED_AUTOS = YES_AGGRESSIVE;
				GCC_WARN_UNUSED_FUNCTION = YES;
				GCC_WARN_UNUSED_VARIABLE = YES;
				IPHONEOS_DEPLOYMENT_TARGET = 15.2;
				MTL_ENABLE_DEBUG_INFO = INCLUDE_SOURCE;
				MTL_FAST_MATH = YES;
				ONLY_ACTIVE_ARCH = YES;
				SDKROOT = iphoneos;
				SWIFT_ACTIVE_COMPILATION_CONDITIONS = DEBUG;
				SWIFT_OPTIMIZATION_LEVEL = "-Onone";
			};
			name = Debug;
		};
		3118E89D28106D5C00082EE8 /* Release */ = {
			isa = XCBuildConfiguration;
			buildSettings = {
				ALWAYS_SEARCH_USER_PATHS = NO;
				CLANG_ANALYZER_NONNULL = YES;
				CLANG_ANALYZER_NUMBER_OBJECT_CONVERSION = YES_AGGRESSIVE;
				CLANG_CXX_LANGUAGE_STANDARD = "gnu++17";
				CLANG_CXX_LIBRARY = "libc++";
				CLANG_ENABLE_MODULES = YES;
				CLANG_ENABLE_OBJC_ARC = YES;
				CLANG_ENABLE_OBJC_WEAK = YES;
				CLANG_WARN_BLOCK_CAPTURE_AUTORELEASING = YES;
				CLANG_WARN_BOOL_CONVERSION = YES;
				CLANG_WARN_COMMA = YES;
				CLANG_WARN_CONSTANT_CONVERSION = YES;
				CLANG_WARN_DEPRECATED_OBJC_IMPLEMENTATIONS = YES;
				CLANG_WARN_DIRECT_OBJC_ISA_USAGE = YES_ERROR;
				CLANG_WARN_DOCUMENTATION_COMMENTS = YES;
				CLANG_WARN_EMPTY_BODY = YES;
				CLANG_WARN_ENUM_CONVERSION = YES;
				CLANG_WARN_INFINITE_RECURSION = YES;
				CLANG_WARN_INT_CONVERSION = YES;
				CLANG_WARN_NON_LITERAL_NULL_CONVERSION = YES;
				CLANG_WARN_OBJC_IMPLICIT_RETAIN_SELF = YES;
				CLANG_WARN_OBJC_LITERAL_CONVERSION = YES;
				CLANG_WARN_OBJC_ROOT_CLASS = YES_ERROR;
				CLANG_WARN_QUOTED_INCLUDE_IN_FRAMEWORK_HEADER = YES;
				CLANG_WARN_RANGE_LOOP_ANALYSIS = YES;
				CLANG_WARN_STRICT_PROTOTYPES = YES;
				CLANG_WARN_SUSPICIOUS_MOVE = YES;
				CLANG_WARN_UNGUARDED_AVAILABILITY = YES_AGGRESSIVE;
				CLANG_WARN_UNREACHABLE_CODE = YES;
				CLANG_WARN__DUPLICATE_METHOD_MATCH = YES;
				COPY_PHASE_STRIP = NO;
				DEBUG_INFORMATION_FORMAT = "dwarf-with-dsym";
				ENABLE_NS_ASSERTIONS = NO;
				ENABLE_STRICT_OBJC_MSGSEND = YES;
				GCC_C_LANGUAGE_STANDARD = gnu11;
				GCC_NO_COMMON_BLOCKS = YES;
				GCC_WARN_64_TO_32_BIT_CONVERSION = YES;
				GCC_WARN_ABOUT_RETURN_TYPE = YES_ERROR;
				GCC_WARN_UNDECLARED_SELECTOR = YES;
				GCC_WARN_UNINITIALIZED_AUTOS = YES_AGGRESSIVE;
				GCC_WARN_UNUSED_FUNCTION = YES;
				GCC_WARN_UNUSED_VARIABLE = YES;
				IPHONEOS_DEPLOYMENT_TARGET = 15.2;
				MTL_ENABLE_DEBUG_INFO = NO;
				MTL_FAST_MATH = YES;
				SDKROOT = iphoneos;
				SWIFT_COMPILATION_MODE = wholemodule;
				SWIFT_OPTIMIZATION_LEVEL = "-O";
				VALIDATE_PRODUCT = YES;
			};
			name = Release;
		};
		3118E89F28106D5C00082EE8 /* Debug */ = {
			isa = XCBuildConfiguration;
			buildSettings = {
				ASSETCATALOG_COMPILER_APPICON_NAME = AppIcon;
				ASSETCATALOG_COMPILER_GLOBAL_ACCENT_COLOR_NAME = AccentColor;
				CODE_SIGN_STYLE = Automatic;
				CURRENT_PROJECT_VERSION = 1;
				DEVELOPMENT_TEAM = HJ679WS765;
				GENERATE_INFOPLIST_FILE = YES;
				INFOPLIST_FILE = RickAndMorty3/Info.plist;
				INFOPLIST_KEY_UIApplicationSupportsIndirectInputEvents = YES;
				INFOPLIST_KEY_UILaunchStoryboardName = LaunchScreen;
				INFOPLIST_KEY_UISupportedInterfaceOrientations_iPad = "UIInterfaceOrientationPortrait UIInterfaceOrientationPortraitUpsideDown UIInterfaceOrientationLandscapeLeft UIInterfaceOrientationLandscapeRight";
				INFOPLIST_KEY_UISupportedInterfaceOrientations_iPhone = "UIInterfaceOrientationPortrait UIInterfaceOrientationLandscapeLeft UIInterfaceOrientationLandscapeRight";
				LD_RUNPATH_SEARCH_PATHS = (
					"$(inherited)",
					"@executable_path/Frameworks",
				);
				MARKETING_VERSION = 1.0;
				PRODUCT_BUNDLE_IDENTIFIER = Felix.RickAndMorty3;
				PRODUCT_NAME = "$(TARGET_NAME)";
				SWIFT_EMIT_LOC_STRINGS = YES;
				SWIFT_VERSION = 5.0;
				TARGETED_DEVICE_FAMILY = "1,2";
			};
			name = Debug;
		};
		3118E8A028106D5C00082EE8 /* Release */ = {
			isa = XCBuildConfiguration;
			buildSettings = {
				ASSETCATALOG_COMPILER_APPICON_NAME = AppIcon;
				ASSETCATALOG_COMPILER_GLOBAL_ACCENT_COLOR_NAME = AccentColor;
				CODE_SIGN_STYLE = Automatic;
				CURRENT_PROJECT_VERSION = 1;
				DEVELOPMENT_TEAM = HJ679WS765;
				GENERATE_INFOPLIST_FILE = YES;
				INFOPLIST_FILE = RickAndMorty3/Info.plist;
				INFOPLIST_KEY_UIApplicationSupportsIndirectInputEvents = YES;
				INFOPLIST_KEY_UILaunchStoryboardName = LaunchScreen;
				INFOPLIST_KEY_UISupportedInterfaceOrientations_iPad = "UIInterfaceOrientationPortrait UIInterfaceOrientationPortraitUpsideDown UIInterfaceOrientationLandscapeLeft UIInterfaceOrientationLandscapeRight";
				INFOPLIST_KEY_UISupportedInterfaceOrientations_iPhone = "UIInterfaceOrientationPortrait UIInterfaceOrientationLandscapeLeft UIInterfaceOrientationLandscapeRight";
				LD_RUNPATH_SEARCH_PATHS = (
					"$(inherited)",
					"@executable_path/Frameworks",
				);
				MARKETING_VERSION = 1.0;
				PRODUCT_BUNDLE_IDENTIFIER = Felix.RickAndMorty3;
				PRODUCT_NAME = "$(TARGET_NAME)";
				SWIFT_EMIT_LOC_STRINGS = YES;
				SWIFT_VERSION = 5.0;
				TARGETED_DEVICE_FAMILY = "1,2";
			};
			name = Release;
		};
/* End XCBuildConfiguration section */

/* Begin XCConfigurationList section */
		3118E88528106D5A00082EE8 /* Build configuration list for PBXProject "RickAndMorty3" */ = {
			isa = XCConfigurationList;
			buildConfigurations = (
				3118E89C28106D5C00082EE8 /* Debug */,
				3118E89D28106D5C00082EE8 /* Release */,
			);
			defaultConfigurationIsVisible = 0;
			defaultConfigurationName = Release;
		};
		3118E89E28106D5C00082EE8 /* Build configuration list for PBXNativeTarget "RickAndMorty3" */ = {
			isa = XCConfigurationList;
			buildConfigurations = (
				3118E89F28106D5C00082EE8 /* Debug */,
				3118E8A028106D5C00082EE8 /* Release */,
			);
			defaultConfigurationIsVisible = 0;
			defaultConfigurationName = Release;
		};
/* End XCConfigurationList section */
	};
	rootObject = 3118E88228106D5A00082EE8 /* Project object */;
}
